
Microsoft Visual Studio Solution File, Format Version 12.00
# Visual Studio 14
VisualStudioVersion = 14.0.25420.1
MinimumVisualStudioVersion = 10.0.40219.1
Project("{FAE04EC0-301F-11D3-BF4B-00C04F79EFBC}") = "MVCWebMis", "MVCWebMis\MVCWebMis.csproj", "{39BDE402-5358-45EA-AC9E-A78B9C30C92D}"
EndProject
Project("{FAE04EC0-301F-11D3-BF4B-00C04F79EFBC}") = "WHC.Attachment.Core", "WHC.Attachment.Core\WHC.Attachment.Core.csproj", "{FADF9DB2-6A54-496E-9ED3-B12BB6607EC0}"
EndProject
Project("{FAE04EC0-301F-11D3-BF4B-00C04F79EFBC}") = "WHC.ContactBook.Core", "WHC.ContactBook.Core\WHC.ContactBook.Core.csproj", "{DCDBCAD0-065D-41D6-AD37-868396364FF7}"
EndProject
Project("{FAE04EC0-301F-11D3-BF4B-00C04F79EFBC}") = "WHC.CRM.Core", "WHC.CRM.Core\WHC.CRM.Core.csproj", "{650535FC-2BCB-4B9C-B4B4-2C343381AAC4}"
EndProject
Project("{FAE04EC0-301F-11D3-BF4B-00C04F79EFBC}") = "WHC.WorkflowLite.Core", "WHC.WorkflowLite.Core\WHC.WorkflowLite.Core.csproj", "{E434DD88-5467-40A4-995F-590B807BFDDD}"
EndProject
Project("{FAE04EC0-301F-11D3-BF4B-00C04F79EFBC}") = "YH.Security.Core", "YH.Security.Core\YH.Security.Core.csproj", "{2B6B91BE-27D4-46B4-AB4D-FD7FD5897F90}"
EndProject
Project("{FAE04EC0-301F-11D3-BF4B-00C04F79EFBC}") = "YH.Pager.Entity", "YH.Pager.Entity\YH.Pager.Entity.csproj", "{8D58654E-3FDB-4F5F-921A-7832DB994DCE}"
EndProject
Project("{FAE04EC0-301F-11D3-BF4B-00C04F79EFBC}") = "YH.Framework.Language", "YH.Framework.Language\YH.Framework.Language.csproj", "{4FF53539-D8EE-4CE8-81BA-E7AF56A1F566}"
EndProject
Project("{FAE04EC0-301F-11D3-BF4B-00C04F79EFBC}") = "YH.Framework.ControlUtil", "YH.Framework.ControlUtil\YH.Framework.ControlUtil.csproj", "{D1D3850B-206F-49A9-BA9F-EAC0C39DE3DD}"
EndProject
Project("{FAE04EC0-301F-11D3-BF4B-00C04F79EFBC}") = "YH.Framework.Commons", "YH.Framework.Commons\YH.Framework.Commons.csproj", "{53AC195E-DCFF-47C4-BC02-7E0241FF520C}"
EndProject
Project("{FAE04EC0-301F-11D3-BF4B-00C04F79EFBC}") = "YH.Dictionary.Core", "YH.Dictionary.Core\YH.Dictionary.Core.csproj", "{5271F727-907A-473B-8C7D-1CDCEC8F7006}"
EndProject
Project("{FAE04EC0-301F-11D3-BF4B-00C04F79EFBC}") = "IOT.MVCWebMis.Core", "IOT.MVCWebMis.Core\IOT.MVCWebMis.Core.csproj", "{FCFD05C3-CAC2-4ADE-9EBB-85BE17548E4A}"
EndProject
Project("{FAE04EC0-301F-11D3-BF4B-00C04F79EFBC}") = "IOT.NA", "IOT.NA\IOT.NA.csproj", "{3F27F4FC-D434-40E8-BB67-28CB860485BB}"
EndProject
Global
	GlobalSection(SolutionConfigurationPlatforms) = preSolution
		Debug|Any CPU = Debug|Any CPU
		Debug|Mixed Platforms = Debug|Mixed Platforms
		Debug|x64 = Debug|x64
		Debug|x86 = Debug|x86
		Release|Any CPU = Release|Any CPU
		Release|Mixed Platforms = Release|Mixed Platforms
		Release|x64 = Release|x64
		Release|x86 = Release|x86
	EndGlobalSection
	GlobalSection(ProjectConfigurationPlatforms) = postSolution
		{39BDE402-5358-45EA-AC9E-A78B9C30C92D}.Debug|Any CPU.ActiveCfg = Debug|Any CPU
		{39BDE402-5358-45EA-AC9E-A78B9C30C92D}.Debug|Any CPU.Build.0 = Debug|Any CPU
		{39BDE402-5358-45EA-AC9E-A78B9C30C92D}.Debug|Mixed Platforms.ActiveCfg = Debug|x86
		{39BDE402-5358-45EA-AC9E-A78B9C30C92D}.Debug|Mixed Platforms.Build.0 = Debug|x86
		{39BDE402-5358-45EA-AC9E-A78B9C30C92D}.Debug|x64.ActiveCfg = Debug|Any CPU
		{39BDE402-5358-45EA-AC9E-A78B9C30C92D}.Debug|x64.Build.0 = Debug|Any CPU
		{39BDE402-5358-45EA-AC9E-A78B9C30C92D}.Debug|x86.ActiveCfg = Debug|x86
		{39BDE402-5358-45EA-AC9E-A78B9C30C92D}.Debug|x86.Build.0 = Debug|x86
		{39BDE402-5358-45EA-AC9E-A78B9C30C92D}.Release|Any CPU.ActiveCfg = Release|Any CPU
		{39BDE402-5358-45EA-AC9E-A78B9C30C92D}.Release|Any CPU.Build.0 = Release|Any CPU
		{39BDE402-5358-45EA-AC9E-A78B9C30C92D}.Release|Mixed Platforms.ActiveCfg = Release|x86
		{39BDE402-5358-45EA-AC9E-A78B9C30C92D}.Release|Mixed Platforms.Build.0 = Release|x86
		{39BDE402-5358-45EA-AC9E-A78B9C30C92D}.Release|x64.ActiveCfg = Release|Any CPU
		{39BDE402-5358-45EA-AC9E-A78B9C30C92D}.Release|x64.Build.0 = Release|Any CPU
		{39BDE402-5358-45EA-AC9E-A78B9C30C92D}.Release|x86.ActiveCfg = Release|x86
		{39BDE402-5358-45EA-AC9E-A78B9C30C92D}.Release|x86.Build.0 = Release|x86
		{FADF9DB2-6A54-496E-9ED3-B12BB6607EC0}.Debug|Any CPU.ActiveCfg = Debug|Any CPU
		{FADF9DB2-6A54-496E-9ED3-B12BB6607EC0}.Debug|Any CPU.Build.0 = Debug|Any CPU
		{FADF9DB2-6A54-496E-9ED3-B12BB6607EC0}.Debug|Mixed Platforms.ActiveCfg = Debug|x86
		{FADF9DB2-6A54-496E-9ED3-B12BB6607EC0}.Debug|Mixed Platforms.Build.0 = Debug|x86
		{FADF9DB2-6A54-496E-9ED3-B12BB6607EC0}.Debug|x64.ActiveCfg = Debug|x64
		{FADF9DB2-6A54-496E-9ED3-B12BB6607EC0}.Debug|x64.Build.0 = Debug|x64
		{FADF9DB2-6A54-496E-9ED3-B12BB6607EC0}.Debug|x86.ActiveCfg = Debug|x86
		{FADF9DB2-6A54-496E-9ED3-B12BB6607EC0}.Debug|x86.Build.0 = Debug|x86
		{FADF9DB2-6A54-496E-9ED3-B12BB6607EC0}.Release|Any CPU.ActiveCfg = Release|Any CPU
		{FADF9DB2-6A54-496E-9ED3-B12BB6607EC0}.Release|Any CPU.Build.0 = Release|Any CPU
		{FADF9DB2-6A54-496E-9ED3-B12BB6607EC0}.Release|Mixed Platforms.ActiveCfg = Release|x86
		{FADF9DB2-6A54-496E-9ED3-B12BB6607EC0}.Release|Mixed Platforms.Build.0 = Release|x86
		{FADF9DB2-6A54-496E-9ED3-B12BB6607EC0}.Release|x64.ActiveCfg = Release|x64
		{FADF9DB2-6A54-496E-9ED3-B12BB6607EC0}.Release|x64.Build.0 = Release|x64
		{FADF9DB2-6A54-496E-9ED3-B12BB6607EC0}.Release|x86.ActiveCfg = Release|x86
		{FADF9DB2-6A54-496E-9ED3-B12BB6607EC0}.Release|x86.Build.0 = Release|x86
		{DCDBCAD0-065D-41D6-AD37-868396364FF7}.Debug|Any CPU.ActiveCfg = Debug|Any CPU
		{DCDBCAD0-065D-41D6-AD37-868396364FF7}.Debug|Any CPU.Build.0 = Debug|Any CPU
		{DCDBCAD0-065D-41D6-AD37-868396364FF7}.Debug|Mixed Platforms.ActiveCfg = Debug|x86
		{DCDBCAD0-065D-41D6-AD37-868396364FF7}.Debug|Mixed Platforms.Build.0 = Debug|x86
		{DCDBCAD0-065D-41D6-AD37-868396364FF7}.Debug|x64.ActiveCfg = Debug|x64
		{DCDBCAD0-065D-41D6-AD37-868396364FF7}.Debug|x64.Build.0 = Debug|x64
		{DCDBCAD0-065D-41D6-AD37-868396364FF7}.Debug|x86.ActiveCfg = Debug|x86
		{DCDBCAD0-065D-41D6-AD37-868396364FF7}.Debug|x86.Build.0 = Debug|x86
		{DCDBCAD0-065D-41D6-AD37-868396364FF7}.Release|Any CPU.ActiveCfg = Release|Any CPU
		{DCDBCAD0-065D-41D6-AD37-868396364FF7}.Release|Any CPU.Build.0 = Release|Any CPU
		{DCDBCAD0-065D-41D6-AD37-868396364FF7}.Release|Mixed Platforms.ActiveCfg = Release|x86
		{DCDBCAD0-065D-41D6-AD37-868396364FF7}.Release|Mixed Platforms.Build.0 = Release|x86
		{DCDBCAD0-065D-41D6-AD37-868396364FF7}.Release|x64.ActiveCfg = Release|x64
		{DCDBCAD0-065D-41D6-AD37-868396364FF7}.Release|x64.Build.0 = Release|x64
		{DCDBCAD0-065D-41D6-AD37-868396364FF7}.Release|x86.ActiveCfg = Release|x86
		{DCDBCAD0-065D-41D6-AD37-868396364FF7}.Release|x86.Build.0 = Release|x86
		{650535FC-2BCB-4B9C-B4B4-2C343381AAC4}.Debug|Any CPU.ActiveCfg = Debug|Any CPU
		{650535FC-2BCB-4B9C-B4B4-2C343381AAC4}.Debug|Any CPU.Build.0 = Debug|Any CPU
		{650535FC-2BCB-4B9C-B4B4-2C343381AAC4}.Debug|Mixed Platforms.ActiveCfg = Debug|x86
		{650535FC-2BCB-4B9C-B4B4-2C343381AAC4}.Debug|Mixed Platforms.Build.0 = Debug|x86
		{650535FC-2BCB-4B9C-B4B4-2C343381AAC4}.Debug|x64.ActiveCfg = Debug|Any CPU
		{650535FC-2BCB-4B9C-B4B4-2C343381AAC4}.Debug|x64.Build.0 = Debug|Any CPU
		{650535FC-2BCB-4B9C-B4B4-2C343381AAC4}.Debug|x86.ActiveCfg = Debug|x86
		{650535FC-2BCB-4B9C-B4B4-2C343381AAC4}.Debug|x86.Build.0 = Debug|x86
		{650535FC-2BCB-4B9C-B4B4-2C343381AAC4}.Release|Any CPU.ActiveCfg = Release|Any CPU
		{650535FC-2BCB-4B9C-B4B4-2C343381AAC4}.Release|Any CPU.Build.0 = Release|Any CPU
		{650535FC-2BCB-4B9C-B4B4-2C343381AAC4}.Release|Mixed Platforms.ActiveCfg = Release|x86
		{650535FC-2BCB-4B9C-B4B4-2C343381AAC4}.Release|Mixed Platforms.Build.0 = Release|x86
		{650535FC-2BCB-4B9C-B4B4-2C343381AAC4}.Release|x64.ActiveCfg = Release|Any CPU
		{650535FC-2BCB-4B9C-B4B4-2C343381AAC4}.Release|x64.Build.0 = Release|Any CPU
		{650535FC-2BCB-4B9C-B4B4-2C343381AAC4}.Release|x86.ActiveCfg = Release|x86
		{650535FC-2BCB-4B9C-B4B4-2C343381AAC4}.Release|x86.Build.0 = Release|x86
		{E434DD88-5467-40A4-995F-590B807BFDDD}.Debug|Any CPU.ActiveCfg = Debug|Any CPU
		{E434DD88-5467-40A4-995F-590B807BFDDD}.Debug|Any CPU.Build.0 = Debug|Any CPU
		{E434DD88-5467-40A4-995F-590B807BFDDD}.Debug|Mixed Platforms.ActiveCfg = Debug|x86
		{E434DD88-5467-40A4-995F-590B807BFDDD}.Debug|Mixed Platforms.Build.0 = Debug|x86
		{E434DD88-5467-40A4-995F-590B807BFDDD}.Debug|x64.ActiveCfg = Debug|x64
		{E434DD88-5467-40A4-995F-590B807BFDDD}.Debug|x64.Build.0 = Debug|x64
		{E434DD88-5467-40A4-995F-590B807BFDDD}.Debug|x86.ActiveCfg = Debug|x86
		{E434DD88-5467-40A4-995F-590B807BFDDD}.Debug|x86.Build.0 = Debug|x86
		{E434DD88-5467-40A4-995F-590B807BFDDD}.Release|Any CPU.ActiveCfg = Release|Any CPU
		{E434DD88-5467-40A4-995F-590B807BFDDD}.Release|Any CPU.Build.0 = Release|Any CPU
		{E434DD88-5467-40A4-995F-590B807BFDDD}.Release|Mixed Platforms.ActiveCfg = Release|x86
		{E434DD88-5467-40A4-995F-590B807BFDDD}.Release|Mixed Platforms.Build.0 = Release|x86
		{E434DD88-5467-40A4-995F-590B807BFDDD}.Release|x64.ActiveCfg = Release|x64
		{E434DD88-5467-40A4-995F-590B807BFDDD}.Release|x64.Build.0 = Release|x64
		{E434DD88-5467-40A4-995F-590B807BFDDD}.Release|x86.ActiveCfg = Release|x86
		{E434DD88-5467-40A4-995F-590B807BFDDD}.Release|x86.Build.0 = Release|x86
		{2B6B91BE-27D4-46B4-AB4D-FD7FD5897F90}.Debug|Any CPU.ActiveCfg = Debug|Any CPU
		{2B6B91BE-27D4-46B4-AB4D-FD7FD5897F90}.Debug|Any CPU.Build.0 = Debug|Any CPU
		{2B6B91BE-27D4-46B4-AB4D-FD7FD5897F90}.Debug|Mixed Platforms.ActiveCfg = Debug|x86
		{2B6B91BE-27D4-46B4-AB4D-FD7FD5897F90}.Debug|Mixed Platforms.Build.0 = Debug|x86
		{2B6B91BE-27D4-46B4-AB4D-FD7FD5897F90}.Debug|x64.ActiveCfg = Debug|x64
		{2B6B91BE-27D4-46B4-AB4D-FD7FD5897F90}.Debug|x64.Build.0 = Debug|x64
		{2B6B91BE-27D4-46B4-AB4D-FD7FD5897F90}.Debug|x86.ActiveCfg = Debug|x86
		{2B6B91BE-27D4-46B4-AB4D-FD7FD5897F90}.Debug|x86.Build.0 = Debug|x86
		{2B6B91BE-27D4-46B4-AB4D-FD7FD5897F90}.Release|Any CPU.ActiveCfg = Release|Any CPU
		{2B6B91BE-27D4-46B4-AB4D-FD7FD5897F90}.Release|Any CPU.Build.0 = Release|Any CPU
		{2B6B91BE-27D4-46B4-AB4D-FD7FD5897F90}.Release|Mixed Platforms.ActiveCfg = Release|x86
		{2B6B91BE-27D4-46B4-AB4D-FD7FD5897F90}.Release|Mixed Platforms.Build.0 = Release|x86
		{2B6B91BE-27D4-46B4-AB4D-FD7FD5897F90}.Release|x64.ActiveCfg = Release|x64
		{2B6B91BE-27D4-46B4-AB4D-FD7FD5897F90}.Release|x64.Build.0 = Release|x64
		{2B6B91BE-27D4-46B4-AB4D-FD7FD5897F90}.Release|x86.ActiveCfg = Release|x86
		{2B6B91BE-27D4-46B4-AB4D-FD7FD5897F90}.Release|x86.Build.0 = Release|x86
		{8D58654E-3FDB-4F5F-921A-7832DB994DCE}.Debug|Any CPU.ActiveCfg = Debug|Any CPU
		{8D58654E-3FDB-4F5F-921A-7832DB994DCE}.Debug|Any CPU.Build.0 = Debug|Any CPU
		{8D58654E-3FDB-4F5F-921A-7832DB994DCE}.Debug|Mixed Platforms.ActiveCfg = Debug|x86
		{8D58654E-3FDB-4F5F-921A-7832DB994DCE}.Debug|Mixed Platforms.Build.0 = Debug|x86
		{8D58654E-3FDB-4F5F-921A-7832DB994DCE}.Debug|x64.ActiveCfg = Debug|x64
		{8D58654E-3FDB-4F5F-921A-7832DB994DCE}.Debug|x64.Build.0 = Debug|x64
		{8D58654E-3FDB-4F5F-921A-7832DB994DCE}.Debug|x86.ActiveCfg = Debug|x86
		{8D58654E-3FDB-4F5F-921A-7832DB994DCE}.Debug|x86.Build.0 = Debug|x86
		{8D58654E-3FDB-4F5F-921A-7832DB994DCE}.Release|Any CPU.ActiveCfg = Release|Any CPU
		{8D58654E-3FDB-4F5F-921A-7832DB994DCE}.Release|Any CPU.Build.0 = Release|Any CPU
		{8D58654E-3FDB-4F5F-921A-7832DB994DCE}.Release|Mixed Platforms.ActiveCfg = Release|x86
		{8D58654E-3FDB-4F5F-921A-7832DB994DCE}.Release|Mixed Platforms.Build.0 = Release|x86
		{8D58654E-3FDB-4F5F-921A-7832DB994DCE}.Release|x64.ActiveCfg = Release|x64
		{8D58654E-3FDB-4F5F-921A-7832DB994DCE}.Release|x64.Build.0 = Release|x64
		{8D58654E-3FDB-4F5F-921A-7832DB994DCE}.Release|x86.ActiveCfg = Release|x86
		{8D58654E-3FDB-4F5F-921A-7832DB994DCE}.Release|x86.Build.0 = Release|x86
		{4FF53539-D8EE-4CE8-81BA-E7AF56A1F566}.Debug|Any CPU.ActiveCfg = Debug|Any CPU
		{4FF53539-D8EE-4CE8-81BA-E7AF56A1F566}.Debug|Any CPU.Build.0 = Debug|Any CPU
		{4FF53539-D8EE-4CE8-81BA-E7AF56A1F566}.Debug|Mixed Platforms.ActiveCfg = Debug|Any CPU
		{4FF53539-D8EE-4CE8-81BA-E7AF56A1F566}.Debug|Mixed Platforms.Build.0 = Debug|Any CPU
		{4FF53539-D8EE-4CE8-81BA-E7AF56A1F566}.Debug|x64.ActiveCfg = Debug|x64
		{4FF53539-D8EE-4CE8-81BA-E7AF56A1F566}.Debug|x64.Build.0 = Debug|x64
		{4FF53539-D8EE-4CE8-81BA-E7AF56A1F566}.Debug|x86.ActiveCfg = Debug|Any CPU
		{4FF53539-D8EE-4CE8-81BA-E7AF56A1F566}.Debug|x86.Build.0 = Debug|Any CPU
		{4FF53539-D8EE-4CE8-81BA-E7AF56A1F566}.Release|Any CPU.ActiveCfg = Release|Any CPU
		{4FF53539-D8EE-4CE8-81BA-E7AF56A1F566}.Release|Any CPU.Build.0 = Release|Any CPU
		{4FF53539-D8EE-4CE8-81BA-E7AF56A1F566}.Release|Mixed Platforms.ActiveCfg = Release|Any CPU
		{4FF53539-D8EE-4CE8-81BA-E7AF56A1F566}.Release|Mixed Platforms.Build.0 = Release|Any CPU
		{4FF53539-D8EE-4CE8-81BA-E7AF56A1F566}.Release|x64.ActiveCfg = Release|x64
		{4FF53539-D8EE-4CE8-81BA-E7AF56A1F566}.Release|x64.Build.0 = Release|x64
		{4FF53539-D8EE-4CE8-81BA-E7AF56A1F566}.Release|x86.ActiveCfg = Release|Any CPU
		{4FF53539-D8EE-4CE8-81BA-E7AF56A1F566}.Release|x86.Build.0 = Release|Any CPU
		{D1D3850B-206F-49A9-BA9F-EAC0C39DE3DD}.Debug|Any CPU.ActiveCfg = Debug|Any CPU
		{D1D3850B-206F-49A9-BA9F-EAC0C39DE3DD}.Debug|Any CPU.Build.0 = Debug|Any CPU
		{D1D3850B-206F-49A9-BA9F-EAC0C39DE3DD}.Debug|Mixed Platforms.ActiveCfg = Debug|x86
		{D1D3850B-206F-49A9-BA9F-EAC0C39DE3DD}.Debug|Mixed Platforms.Build.0 = Debug|x86
		{D1D3850B-206F-49A9-BA9F-EAC0C39DE3DD}.Debug|x64.ActiveCfg = Debug|x64
		{D1D3850B-206F-49A9-BA9F-EAC0C39DE3DD}.Debug|x64.Build.0 = Debug|x64
		{D1D3850B-206F-49A9-BA9F-EAC0C39DE3DD}.Debug|x86.ActiveCfg = Debug|x86
		{D1D3850B-206F-49A9-BA9F-EAC0C39DE3DD}.Debug|x86.Build.0 = Debug|x86
		{D1D3850B-206F-49A9-BA9F-EAC0C39DE3DD}.Release|Any CPU.ActiveCfg = Release|Any CPU
		{D1D3850B-206F-49A9-BA9F-EAC0C39DE3DD}.Release|Any CPU.Build.0 = Release|Any CPU
		{D1D3850B-206F-49A9-BA9F-EAC0C39DE3DD}.Release|Mixed Platforms.ActiveCfg = Release|x86
		{D1D3850B-206F-49A9-BA9F-EAC0C39DE3DD}.Release|Mixed Platforms.Build.0 = Release|x86
		{D1D3850B-206F-49A9-BA9F-EAC0C39DE3DD}.Release|x64.ActiveCfg = Release|x64
		{D1D3850B-206F-49A9-BA9F-EAC0C39DE3DD}.Release|x64.Build.0 = Release|x64
		{D1D3850B-206F-49A9-BA9F-EAC0C39DE3DD}.Release|x86.ActiveCfg = Release|x86
		{D1D3850B-206F-49A9-BA9F-EAC0C39DE3DD}.Release|x86.Build.0 = Release|x86
		{53AC195E-DCFF-47C4-BC02-7E0241FF520C}.Debug|Any CPU.ActiveCfg = Debug|Any CPU
		{53AC195E-DCFF-47C4-BC02-7E0241FF520C}.Debug|Any CPU.Build.0 = Debug|Any CPU
		{53AC195E-DCFF-47C4-BC02-7E0241FF520C}.Debug|Mixed Platforms.ActiveCfg = Debug|x86
		{53AC195E-DCFF-47C4-BC02-7E0241FF520C}.Debug|Mixed Platforms.Build.0 = Debug|x86
		{53AC195E-DCFF-47C4-BC02-7E0241FF520C}.Debug|x64.ActiveCfg = Debug|x64
		{53AC195E-DCFF-47C4-BC02-7E0241FF520C}.Debug|x64.Build.0 = Debug|x64
		{53AC195E-DCFF-47C4-BC02-7E0241FF520C}.Debug|x86.ActiveCfg = Debug|x86
		{53AC195E-DCFF-47C4-BC02-7E0241FF520C}.Debug|x86.Build.0 = Debug|x86
		{53AC195E-DCFF-47C4-BC02-7E0241FF520C}.Release|Any CPU.ActiveCfg = Release|Any CPU
		{53AC195E-DCFF-47C4-BC02-7E0241FF520C}.Release|Any CPU.Build.0 = Release|Any CPU
		{53AC195E-DCFF-47C4-BC02-7E0241FF520C}.Release|Mixed Platforms.ActiveCfg = Release|x86
		{53AC195E-DCFF-47C4-BC02-7E0241FF520C}.Release|Mixed Platforms.Build.0 = Release|x86
		{53AC195E-DCFF-47C4-BC02-7E0241FF520C}.Release|x64.ActiveCfg = Release|x64
		{53AC195E-DCFF-47C4-BC02-7E0241FF520C}.Release|x64.Build.0 = Release|x64
		{53AC195E-DCFF-47C4-BC02-7E0241FF520C}.Release|x86.ActiveCfg = Release|x86
		{53AC195E-DCFF-47C4-BC02-7E0241FF520C}.Release|x86.Build.0 = Release|x86
		{5271F727-907A-473B-8C7D-1CDCEC8F7006}.Debug|Any CPU.ActiveCfg = Debug|Any CPU
		{5271F727-907A-473B-8C7D-1CDCEC8F7006}.Debug|Any CPU.Build.0 = Debug|Any CPU
		{5271F727-907A-473B-8C7D-1CDCEC8F7006}.Debug|Mixed Platforms.ActiveCfg = Debug|x86
		{5271F727-907A-473B-8C7D-1CDCEC8F7006}.Debug|Mixed Platforms.Build.0 = Debug|x86
		{5271F727-907A-473B-8C7D-1CDCEC8F7006}.Debug|x64.ActiveCfg = Debug|x64
		{5271F727-907A-473B-8C7D-1CDCEC8F7006}.Debug|x64.Build.0 = Debug|x64
		{5271F727-907A-473B-8C7D-1CDCEC8F7006}.Debug|x86.ActiveCfg = Debug|x86
		{5271F727-907A-473B-8C7D-1CDCEC8F7006}.Debug|x86.Build.0 = Debug|x86
		{5271F727-907A-473B-8C7D-1CDCEC8F7006}.Release|Any CPU.ActiveCfg = Release|Any CPU
		{5271F727-907A-473B-8C7D-1CDCEC8F7006}.Release|Any CPU.Build.0 = Release|Any CPU
		{5271F727-907A-473B-8C7D-1CDCEC8F7006}.Release|Mixed Platforms.ActiveCfg = Release|x86
		{5271F727-907A-473B-8C7D-1CDCEC8F7006}.Release|Mixed Platforms.Build.0 = Release|x86
		{5271F727-907A-473B-8C7D-1CDCEC8F7006}.Release|x64.ActiveCfg = Release|x64
		{5271F727-907A-473B-8C7D-1CDCEC8F7006}.Release|x64.Build.0 = Release|x64
		{5271F727-907A-473B-8C7D-1CDCEC8F7006}.Release|x86.ActiveCfg = Release|x86
		{5271F727-907A-473B-8C7D-1CDCEC8F7006}.Release|x86.Build.0 = Release|x86
		{FCFD05C3-CAC2-4ADE-9EBB-85BE17548E4A}.Debug|Any CPU.ActiveCfg = Debug|Any CPU
		{FCFD05C3-CAC2-4ADE-9EBB-85BE17548E4A}.Debug|Any CPU.Build.0 = Debug|Any CPU
		{FCFD05C3-CAC2-4ADE-9EBB-85BE17548E4A}.Debug|Mixed Platforms.ActiveCfg = Debug|x86
		{FCFD05C3-CAC2-4ADE-9EBB-85BE17548E4A}.Debug|Mixed Platforms.Build.0 = Debug|x86
		{FCFD05C3-CAC2-4ADE-9EBB-85BE17548E4A}.Debug|x64.ActiveCfg = Debug|Any CPU
		{FCFD05C3-CAC2-4ADE-9EBB-85BE17548E4A}.Debug|x64.Build.0 = Debug|Any CPU
		{FCFD05C3-CAC2-4ADE-9EBB-85BE17548E4A}.Debug|x86.ActiveCfg = Debug|x86
		{FCFD05C3-CAC2-4ADE-9EBB-85BE17548E4A}.Debug|x86.Build.0 = Debug|x86
		{FCFD05C3-CAC2-4ADE-9EBB-85BE17548E4A}.Release|Any CPU.ActiveCfg = Release|Any CPU
		{FCFD05C3-CAC2-4ADE-9EBB-85BE17548E4A}.Release|Any CPU.Build.0 = Release|Any CPU
		{FCFD05C3-CAC2-4ADE-9EBB-85BE17548E4A}.Release|Mixed Platforms.ActiveCfg = Release|x86
		{FCFD05C3-CAC2-4ADE-9EBB-85BE17548E4A}.Release|Mixed Platforms.Build.0 = Release|x86
		{FCFD05C3-CAC2-4ADE-9EBB-85BE17548E4A}.Release|x64.ActiveCfg = Release|Any CPU
		{FCFD05C3-CAC2-4ADE-9EBB-85BE17548E4A}.Release|x64.Build.0 = Release|Any CPU
		{FCFD05C3-CAC2-4ADE-9EBB-85BE17548E4A}.Release|x86.ActiveCfg = Release|x86
		{FCFD05C3-CAC2-4ADE-9EBB-85BE17548E4A}.Release|x86.Build.0 = Release|x86
		{3F27F4FC-D434-40E8-BB67-28CB860485BB}.Debug|Any CPU.ActiveCfg = Debug|Any CPU
		{3F27F4FC-D434-40E8-BB67-28CB860485BB}.Debug|Any CPU.Build.0 = Debug|Any CPU
		{3F27F4FC-D434-40E8-BB67-28CB860485BB}.Debug|Mixed Platforms.ActiveCfg = Debug|Any CPU
		{3F27F4FC-D434-40E8-BB67-28CB860485BB}.Debug|Mixed Platforms.Build.0 = Debug|Any CPU
		{3F27F4FC-D434-40E8-BB67-28CB860485BB}.Debug|x64.ActiveCfg = Debug|x64
		{3F27F4FC-D434-40E8-BB67-28CB860485BB}.Debug|x64.Build.0 = Debug|x64
		{3F27F4FC-D434-40E8-BB67-28CB860485BB}.Debug|x86.ActiveCfg = Debug|Any CPU
		{3F27F4FC-D434-40E8-BB67-28CB860485BB}.Debug|x86.Build.0 = Debug|Any CPU
		{3F27F4FC-D434-40E8-BB67-28CB860485BB}.Release|Any CPU.ActiveCfg = Release|Any CPU
		{3F27F4FC-D434-40E8-BB67-28CB860485BB}.Release|Any CPU.Build.0 = Release|Any CPU
		{3F27F4FC-D434-40E8-BB67-28CB860485BB}.Release|Mixed Platforms.ActiveCfg = Release|Any CPU
		{3F27F4FC-D434-40E8-BB67-28CB860485BB}.Release|Mixed Platforms.Build.0 = Release|Any CPU
		{3F27F4FC-D434-40E8-BB67-28CB860485BB}.Release|x64.ActiveCfg = Release|x64
		{3F27F4FC-D434-40E8-BB67-28CB860485BB}.Release|x64.Build.0 = Release|x64
		{3F27F4FC-D434-40E8-BB67-28CB860485BB}.Release|x86.ActiveCfg = Release|Any CPU
		{3F27F4FC-D434-40E8-BB67-28CB860485BB}.Release|x86.Build.0 = Release|Any CPU
	EndGlobalSection
	GlobalSection(SolutionProperties) = preSolution
		HideSolutionNode = FALSE
	EndGlobalSection
	GlobalSection(ExtensibilityGlobals) = postSolution
		SolutionGuid = {D334CD13-909F-4928-9D8B-D3866B251408}
	EndGlobalSection
EndGlobal
